
Microsoft Visual Studio Solution File, Format Version 12.00
# Visual Studio Version 16
VisualStudioVersion = 16.0.32901.82
MinimumVisualStudioVersion = 10.0.40219.1
Project("{FAE04EC0-301F-11D3-BF4B-00C04F79EFBC}") = "Password-Generator", "Password-Generator\Password-Generator.csproj", "{1017570B-6234-49CC-8BD2-CC7A0096C125}"
EndProject
Global
	GlobalSection(SolutionConfigurationPlatforms) = preSolution
		Debug|Any CPU = Debug|Any CPU
		Release|Any CPU = Release|Any CPU
	EndGlobalSection
	GlobalSection(ProjectConfigurationPlatforms) = postSolution
		{1017570B-6234-49CC-8BD2-CC7A0096C125}.Debug|Any CPU.ActiveCfg = Debug|Any CPU
		{1017570B-6234-49CC-8BD2-CC7A0096C125}.Debug|Any CPU.Build.0 = Debug|Any CPU
		{1017570B-6234-49CC-8BD2-CC7A0096C125}.Release|Any CPU.ActiveCfg = Release|Any CPU
		{1017570B-6234-49CC-8BD2-CC7A0096C125}.Release|Any CPU.Build.0 = Release|Any CPU
	EndGlobalSection
	GlobalSection(SolutionProperties) = preSolution
		HideSolutionNode = FALSE
	EndGlobalSection
	GlobalSection(ExtensibilityGlobals) = postSolution
		SolutionGuid = {5FA475FA-4F71-48ED-A9C9-200D07EC2A26}
	EndGlobalSection
EndGlobal
